# modules.lock — the agent's installed modules, pinned by commit.
# One install/update/removal = one commit here. `tools/module sync`
# re-clones everything below at its pin (the resurrection path).
# name  url  @ sha  [cid=…]

cron  https://github.com/clawdbotatg/claude-p-cron.git  @ 849a195d9723622b7c3bdeb03828aabbff4adb7c
router  https://github.com/clawdbotatg/claude-p-router.git  @ edf582234e023867d411acd60cbca8445e5b93aa
telegram  https://github.com/clawdbotatg/claude-p-telegram.git  @ 65ea9d23a44d975a24103e2fc29990df8b00d5e5
