# modules.lock — the agent's installed modules, pinned by commit.
# One install/update/removal = one commit here. `tools/module sync`
# re-clones everything below at its pin (the resurrection path).
# name  url  @ sha  [cid=…]

cron  https://github.com/clawdbotatg/claude-p-cron.git  @ 4368e8c9f67bf3b8ad783419c968650f62f1636b
router  https://github.com/clawdbotatg/claude-p-router.git  @ edf582234e023867d411acd60cbca8445e5b93aa
telegram  https://github.com/clawdbotatg/claude-p-telegram.git  @ 24e7d76d9d07a9126f6488cb70f444c3d2e909cb
