# modules.lock — the agent's installed modules, pinned by commit.
# One install/update/removal = one commit here. `tools/module sync`
# re-clones everything below at its pin (the resurrection path).
# name  url  @ sha  [cid=…]

attest  https://github.com/clawdbotatg/claude-p-attest.git  @ 321cf146a2409333c29ef6d3c14b642b1fa2a17d
cron  https://github.com/clawdbotatg/claude-p-cron.git  @ 4368e8c9f67bf3b8ad783419c968650f62f1636b
engine-oai  https://github.com/clawdbotatg/claude-p-engine-oai.git  @ e3e156e27911422dc4a2813eb621418c3ade9144
engine-ollama  https://github.com/clawdbotatg/claude-p-engine-ollama.git  @ 822f1be5fcc06f04ecb3d78911cd45aa784726cf
ipfs  https://github.com/clawdbotatg/claude-p-ipfs.git  @ 79513c220d89b01f986f2e545354f707279d4ccc
router  https://github.com/clawdbotatg/claude-p-router.git  @ bf4a5e889f0a1d77474f77681e942dd36838d514
telegram  https://github.com/clawdbotatg/claude-p-telegram.git  @ 24e7d76d9d07a9126f6488cb70f444c3d2e909cb
